// !$*UTF8*$!
{
	archiveVersion = 1;
	classes = {
	};
	objectVersion = 46;
	objects = {

/* Begin PBXBuildFile section */
		F038A02D1E93957400CE30A2 /* AppDelegate.swift in Sources */ = {isa = PBXBuildFile; fileRef = F038A02C1E93957400CE30A2 /* AppDelegate.swift */; };
		F038A02F1E93957400CE30A2 /* ViewController.swift in Sources */ = {isa = PBXBuildFile; fileRef = F038A02E1E93957400CE30A2 /* ViewController.swift */; };
		F038A0321E93957400CE30A2 /* Main.storyboard in Resources */ = {isa = PBXBuildFile; fileRef = F038A0301E93957400CE30A2 /* Main.storyboard */; };
		F038A0341E93957400CE30A2 /* Assets.xcassets in Resources */ = {isa = PBXBuildFile; fileRef = F038A0331E93957400CE30A2 /* Assets.xcassets */; };
		F038A0371E93957400CE30A2 /* LaunchScreen.storyboard in Resources */ = {isa = PBXBuildFile; fileRef = F038A0351E93957400CE30A2 /* LaunchScreen.storyboard */; };
/* End PBXBuildFile section */

/* Begin PBXFileReference section */
		F038A0291E93957400CE30A2 /* CalculateQuadraticEquation.app */ = {isa = PBXFileReference; explicitFileType = wrapper.application; includeInIndex = 0; path = CalculateQuadraticEquation.app; sourceTree = BUILT_PRODUCTS_DIR; };
		F038A02C1E93957400CE30A2 /* AppDelegate.swift */ = {isa = PBXFileReference; lastKnownFileType = sourcecode.swift; path = AppDelegate.swift; sourceTree = "<group>"; };
		F038A02E1E93957400CE30A2 /* ViewController.swift */ = {isa = PBXFileReference; lastKnownFileType = sourcecode.swift; path = ViewController.swift; sourceTree = "<group>"; };
		F038A0311E93957400CE30A2 /* Base */ = {isa = PBXFileReference; lastKnownFileType = file.storyboard; name = Base; path = Base.lproj/Main.storyboard; sourceTree = "<group>"; };
		F038A0331E93957400CE30A2 /* Assets.xcassets */ = {isa = PBXFileReference; lastKnownFileType = folder.assetcatalog; path = Assets.xcassets; sourceTree = "<group>"; };
		F038A0361E93957400CE30A2 /* Base */ = {isa = PBXFileReference; lastKnownFileType = file.storyboard; name = Base; path = Base.lproj/LaunchScreen.storyboard; sourceTree = "<group>"; };
		F038A0381E93957400CE30A2 /* Info.plist */ = {isa = PBXFileReference; lastKnownFileType = text.plist.xml; path = Info.plist; sourceTree = "<group>"; };
/* End PBXFileReference section */

/* Begin PBXFrameworksBuildPhase section */
		F038A0261E93957400CE30A2 /* Frameworks */ = {
			isa = PBXFrameworksBuildPhase;
			buildActionMask = 2147483647;
			files = (
			);
			runOnlyForDeploymentPostprocessing = 0;
		};
/* End PBXFrameworksBuildPhase section */

/* Begin PBXGroup section */
		F038A0201E93957400CE30A2 = {
			isa = PBXGroup;
			children = (
				F038A02B1E93957400CE30A2 /* CalculateQuadraticEquation */,
				F038A02A1E93957400CE30A2 /* Products */,
			);
			sourceTree = "<group>";
		};
		F038A02A1E93957400CE30A2 /* Products */ = {
			isa = PBXGroup;
			children = (
				F038A0291E93957400CE30A2 /* CalculateQuadraticEquation.app */,
			);
			name = Products;
			sourceTree = "<group>";
		};
		F038A02B1E93957400CE30A2 /* CalculateQuadraticEquation */ = {
			isa = PBXGroup;
			children = (
				F038A02C1E93957400CE30A2 /* AppDelegate.swift */,
				F038A02E1E93957400CE30A2 /* ViewController.swift */,
				F038A0301E93957400CE30A2 /* Main.storyboard */,
				F038A0331E93957400CE30A2 /* Assets.xcassets */,
				F038A0351E93957400CE30A2 /* LaunchScreen.storyboard */,
				F038A0381E93957400CE30A2 /* Info.plist */,
			);
			path = CalculateQuadraticEquation;
			sourceTree = "<group>";
		};
/* End PBXGroup section */

/* Begin PBXNativeTarget section */
		F038A0281E93957400CE30A2 /* CalculateQuadraticEquation */ = {
			isa = PBXNativeTarget;
			buildConfigurationList = F038A03B1E93957400CE30A2 /* Build configuration list for PBXNativeTarget "CalculateQuadraticEquation" */;
			buildPhases = (
				F038A0251E93957400CE30A2 /* Sources */,
				F038A0261E93957400CE30A2 /* Frameworks */,
				F038A0271E93957400CE30A2 /* Resources */,
			);
			buildRules = (
			);
			dependencies = (
			);
			name = CalculateQuadraticEquation;
			productName = CalculateQuadraticEquation;
			productReference = F038A0291E93957400CE30A2 /* CalculateQuadraticEquation.app */;
			productType = "com.apple.product-type.application";
		};
/* End PBXNativeTarget section */

/* Begin PBXProject section */
		F038A0211E93957400CE30A2 /* Project object */ = {
			isa = PBXProject;
			attributes = {
				LastSwiftUpdateCheck = 0820;
				LastUpgradeCheck = 0820;
				ORGANIZATIONNAME = "Thinh Le Phuc";
				TargetAttributes = {
					F038A0281E93957400CE30A2 = {
						CreatedOnToolsVersion = 8.2.1;
						ProvisioningStyle = Automatic;
					};
				};
			};
			buildConfigurationList = F038A0241E93957400CE30A2 /* Build configuration list for PBXProject "CalculateQuadraticEquation" */;
			compatibilityVersion = "Xcode 3.2";
			developmentRegion = English;
			hasScannedForEncodings = 0;
			knownRegions = (
				en,
				Base,
			);
			mainGroup = F038A0201E93957400CE30A2;
			productRefGroup = F038A02A1E93957400CE30A2 /* Products */;
			projectDirPath = "";
			projectRoot = "";
			targets = (
				F038A0281E93957400CE30A2 /* CalculateQuadraticEquation */,
			);
		};
/* End PBXProject section */

/* Begin PBXResourcesBuildPhase section */
		F038A0271E93957400CE30A2 /* Resources */ = {
			isa = PBXResourcesBuildPhase;
			buildActionMask = 2147483647;
			files = (
				F038A0371E93957400CE30A2 /* LaunchScreen.storyboard in Resources */,
				F038A0341E93957400CE30A2 /* Assets.xcassets in Resources */,
				F038A0321E93957400CE30A2 /* Main.storyboard in Resources */,
			);
			runOnlyForDeploymentPostprocessing = 0;
		};
/* End PBXResourcesBuildPhase section */

/* Begin PBXSourcesBuildPhase section */
		F038A0251E93957400CE30A2 /* Sources */ = {
			isa = PBXSourcesBuildPhase;
			buildActionMask = 2147483647;
			files = (
				F038A02F1E93957400CE30A2 /* ViewController.swift in Sources */,
				F038A02D1E93957400CE30A2 /* AppDelegate.swift in Sources */,
			);
			runOnlyForDeploymentPostprocessing = 0;
		};
/* End PBXSourcesBuildPhase section */

/* Begin PBXVariantGroup section */
		F038A0301E93957400CE30A2 /* Main.storyboard */ = {
			isa = PBXVariantGroup;
			children = (
				F038A0311E93957400CE30A2 /* Base */,
			);
			name = Main.storyboard;
			sourceTree = "<group>";
		};
		F038A0351E93957400CE30A2 /* LaunchScreen.storyboard */ = {
			isa = PBXVariantGroup;
			children = (
				F038A0361E93957400CE30A2 /* Base */,
			);
			name = LaunchScreen.storyboard;
			sourceTree = "<group>";
		};
/* End PBXVariantGroup section */

/* Begin XCBuildConfiguration section */
		F038A0391E93957400CE30A2 /* Debug */ = {
			isa = XCBuildConfiguration;
			buildSettings = {
				ALWAYS_SEARCH_USER_PATHS = NO;
				CLANG_ANALYZER_NONNULL = YES;
				CLANG_CXX_LANGUAGE_STANDARD = "gnu++0x";
				CLANG_CXX_LIBRARY = "libc++";
				CLANG_ENABLE_MODULES = YES;
				CLANG_ENABLE_OBJC_ARC = YES;
				CLANG_WARN_BOOL_CONVERSION = YES;
				CLANG_WARN_CONSTANT_CONVERSION = YES;
				CLANG_WARN_DIRECT_OBJC_ISA_USAGE = YES_ERROR;
				CLANG_WARN_DOCUMENTATION_COMMENTS = YES;
				CLANG_WARN_EMPTY_BODY = YES;
				CLANG_WARN_ENUM_CONVERSION = YES;
				CLANG_WARN_INFINITE_RECURSION = YES;
				CLANG_WARN_INT_CONVERSION = YES;
				CLANG_WARN_OBJC_ROOT_CLASS = YES_ERROR;
				CLANG_WARN_SUSPICIOUS_MOVE = YES;
				CLANG_WARN_UNREACHABLE_CODE = YES;
				CLANG_WARN__DUPLICATE_METHOD_MATCH = YES;
				"CODE_SIGN_IDENTITY[sdk=iphoneos*]" = "iPhone Developer";
				COPY_PHASE_STRIP = NO;
				DEBUG_INFORMATION_FORMAT = dwarf;
				ENABLE_STRICT_OBJC_MSGSEND = YES;
				ENABLE_TESTABILITY = YES;
				GCC_C_LANGUAGE_STANDARD = gnu99;
				GCC_DYNAMIC_NO_PIC = NO;
				GCC_NO_COMMON_BLOCKS = YES;
				GCC_OPTIMIZATION_LEVEL = 0;
				GCC_PREPROCESSOR_DEFINITIONS = (
					"DEBUG=1",
					"$(inherited)",
				);
				GCC_WARN_64_TO_32_BIT_CONVERSION = YES;
				GCC_WARN_ABOUT_RETURN_TYPE = YES_ERROR;
				GCC_WARN_UNDECLARED_SELECTOR = YES;
				GCC_WARN_UNINITIALIZED_AUTOS = YES_AGGRESSIVE;
				GCC_WARN_UNUSED_FUNCTION = YES;
				GCC_WARN_UNUSED_VARIABLE = YES;
				IPHONEOS_DEPLOYMENT_TARGET = 10.2;
				MTL_ENABLE_DEBUG_INFO = YES;
				ONLY_ACTIVE_ARCH = YES;
				SDKROOT = iphoneos;
				SWIFT_ACTIVE_COMPILATION_CONDITIONS = DEBUG;
				SWIFT_OPTIMIZATION_LEVEL = "-Onone";
				TARGETED_DEVICE_FAMILY = "1,2";
			};
			name = Debug;
		};
		F038A03A1E93957400CE30A2 /* Release */ = {
			isa = XCBuildConfiguration;
			buildSettings = {
				ALWAYS_SEARCH_USER_PATHS = NO;
				CLANG_ANALYZER_NONNULL = YES;
				CLANG_CXX_LANGUAGE_STANDARD = "gnu++0x";
				CLANG_CXX_LIBRARY = "libc++";
				CLANG_ENABLE_MODULES = YES;
				CLANG_ENABLE_OBJC_ARC = YES;
				CLANG_WARN_BOOL_CONVERSION = YES;
				CLANG_WARN_CONSTANT_CONVERSION = YES;
				CLANG_WARN_DIRECT_OBJC_ISA_USAGE = YES_ERROR;
				CLANG_WARN_DOCUMENTATION_COMMENTS = YES;
				CLANG_WARN_EMPTY_BODY = YES;
				CLANG_WARN_ENUM_CONVERSION = YES;
				CLANG_WARN_INFINITE_RECURSION = YES;
				CLANG_WARN_INT_CONVERSION = YES;
				CLANG_WARN_OBJC_ROOT_CLASS = YES_ERROR;
				CLANG_WARN_SUSPICIOUS_MOVE = YES;
				CLANG_WARN_UNREACHABLE_CODE = YES;
				CLANG_WARN__DUPLICATE_METHOD_MATCH = YES;
				"CODE_SIGN_IDENTITY[sdk=iphoneos*]" = "iPhone Developer";
				COPY_PHASE_STRIP = NO;
				DEBUG_INFORMATION_FORMAT = "dwarf-with-dsym";
				ENABLE_NS_ASSERTIONS = NO;
				ENABLE_STRICT_OBJC_MSGSEND = YES;
				GCC_C_LANGUAGE_STANDARD = gnu99;
				GCC_NO_COMMON_BLOCKS = YES;
				GCC_WARN_64_TO_32_BIT_CONVERSION = YES;
				GCC_WARN_ABOUT_RETURN_TYPE = YES_ERROR;
				GCC_WARN_UNDECLARED_SELECTOR = YES;
				GCC_WARN_UNINITIALIZED_AUTOS = YES_AGGRESSIVE;
				GCC_WARN_UNUSED_FUNCTION = YES;
				GCC_WARN_UNUSED_VARIABLE = YES;
				IPHONEOS_DEPLOYMENT_TARGET = 10.2;
				MTL_ENABLE_DEBUG_INFO = NO;
				SDKROOT = iphoneos;
				SWIFT_OPTIMIZATION_LEVEL = "-Owholemodule";
				TARGETED_DEVICE_FAMILY = "1,2";
				VALIDATE_PRODUCT = YES;
			};
			name = Release;
		};
		F038A03C1E93957400CE30A2 /* Debug */ = {
			isa = XCBuildConfiguration;
			buildSettings = {
				ASSETCATALOG_COMPILER_APPICON_NAME = AppIcon;
				INFOPLIST_FILE = CalculateQuadraticEquation/Info.plist;
				LD_RUNPATH_SEARCH_PATHS = "$(inherited) @executable_path/Frameworks";
				PRODUCT_BUNDLE_IDENTIFIER = com.fsoft.CalculateQuadraticEquation;
				PRODUCT_NAME = "$(TARGET_NAME)";
				SWIFT_VERSION = 3.0;
			};
			name = Debug;
		};
		F038A03D1E93957400CE30A2 /* Release */ = {
			isa = XCBuildConfiguration;
			buildSettings = {
				ASSETCATALOG_COMPILER_APPICON_NAME = AppIcon;
				INFOPLIST_FILE = CalculateQuadraticEquation/Info.plist;
				LD_RUNPATH_SEARCH_PATHS = "$(inherited) @executable_path/Frameworks";
				PRODUCT_BUNDLE_IDENTIFIER = com.fsoft.CalculateQuadraticEquation;
				PRODUCT_NAME = "$(TARGET_NAME)";
				SWIFT_VERSION = 3.0;
			};
			name = Release;
		};
/* End XCBuildConfiguration section */

/* Begin XCConfigurationList section */
		F038A0241E93957400CE30A2 /* Build configuration list for PBXProject "CalculateQuadraticEquation" */ = {
			isa = XCConfigurationList;
			buildConfigurations = (
				F038A0391E93957400CE30A2 /* Debug */,
				F038A03A1E93957400CE30A2 /* Release */,
			);
			defaultConfigurationIsVisible = 0;
			defaultConfigurationName = Release;
		};
		F038A03B1E93957400CE30A2 /* Build configuration list for PBXNativeTarget "CalculateQuadraticEquation" */ = {
			isa = XCConfigurationList;
			buildConfigurations = (
				F038A03C1E93957400CE30A2 /* Debug */,
				F038A03D1E93957400CE30A2 /* Release */,
			);
			defaultConfigurationIsVisible = 0;
		};
/* End XCConfigurationList section */
	};
	rootObject = F038A0211E93957400CE30A2 /* Project object */;
}
