// !$*UTF8*$!
{
	archiveVersion = 1;
	classes = {
	};
	objectVersion = 46;
	objects = {

/* Begin PBXBuildFile section */
		F086CDDF1E9486EE002BB766 /* AppDelegate.swift in Sources */ = {isa = PBXBuildFile; fileRef = F086CDDE1E9486EE002BB766 /* AppDelegate.swift */; };
		F086CDE11E9486EE002BB766 /* MainViewController.swift in Sources */ = {isa = PBXBuildFile; fileRef = F086CDE01E9486EE002BB766 /* MainViewController.swift */; };
		F086CDE41E9486EE002BB766 /* Main.storyboard in Resources */ = {isa = PBXBuildFile; fileRef = F086CDE21E9486EE002BB766 /* Main.storyboard */; };
		F086CDE61E9486EE002BB766 /* Assets.xcassets in Resources */ = {isa = PBXBuildFile; fileRef = F086CDE51E9486EE002BB766 /* Assets.xcassets */; };
		F086CDE91E9486EE002BB766 /* LaunchScreen.storyboard in Resources */ = {isa = PBXBuildFile; fileRef = F086CDE71E9486EE002BB766 /* LaunchScreen.storyboard */; };
		F086CDF41E948974002BB766 /* Util.swift in Sources */ = {isa = PBXBuildFile; fileRef = F086CDF31E948974002BB766 /* Util.swift */; };
		F086CDF61E9489B3002BB766 /* EventCollectionViewCell.swift in Sources */ = {isa = PBXBuildFile; fileRef = F086CDF51E9489B3002BB766 /* EventCollectionViewCell.swift */; };
		F086CDF81E949018002BB766 /* HeaderCollectionReusableView.swift in Sources */ = {isa = PBXBuildFile; fileRef = F086CDF71E949018002BB766 /* HeaderCollectionReusableView.swift */; };
		F086CDFB1E9492A1002BB766 /* Event.swift in Sources */ = {isa = PBXBuildFile; fileRef = F086CDFA1E9492A1002BB766 /* Event.swift */; };
		F086CDFD1E949F07002BB766 /* EventDetailViewController.swift in Sources */ = {isa = PBXBuildFile; fileRef = F086CDFC1E949F07002BB766 /* EventDetailViewController.swift */; };
		F086CDFF1E94A7C1002BB766 /* AddEventViewController.swift in Sources */ = {isa = PBXBuildFile; fileRef = F086CDFE1E94A7C1002BB766 /* AddEventViewController.swift */; };
/* End PBXBuildFile section */

/* Begin PBXFileReference section */
		F086CDDB1E9486EE002BB766 /* EventManagementV2.app */ = {isa = PBXFileReference; explicitFileType = wrapper.application; includeInIndex = 0; path = EventManagementV2.app; sourceTree = BUILT_PRODUCTS_DIR; };
		F086CDDE1E9486EE002BB766 /* AppDelegate.swift */ = {isa = PBXFileReference; lastKnownFileType = sourcecode.swift; path = AppDelegate.swift; sourceTree = "<group>"; };
		F086CDE01E9486EE002BB766 /* MainViewController.swift */ = {isa = PBXFileReference; lastKnownFileType = sourcecode.swift; path = MainViewController.swift; sourceTree = "<group>"; };
		F086CDE31E9486EE002BB766 /* Base */ = {isa = PBXFileReference; lastKnownFileType = file.storyboard; name = Base; path = Base.lproj/Main.storyboard; sourceTree = "<group>"; };
		F086CDE51E9486EE002BB766 /* Assets.xcassets */ = {isa = PBXFileReference; lastKnownFileType = folder.assetcatalog; path = Assets.xcassets; sourceTree = "<group>"; };
		F086CDE81E9486EE002BB766 /* Base */ = {isa = PBXFileReference; lastKnownFileType = file.storyboard; name = Base; path = Base.lproj/LaunchScreen.storyboard; sourceTree = "<group>"; };
		F086CDEA1E9486EE002BB766 /* Info.plist */ = {isa = PBXFileReference; lastKnownFileType = text.plist.xml; path = Info.plist; sourceTree = "<group>"; };
		F086CDF31E948974002BB766 /* Util.swift */ = {isa = PBXFileReference; fileEncoding = 4; lastKnownFileType = sourcecode.swift; path = Util.swift; sourceTree = "<group>"; };
		F086CDF51E9489B3002BB766 /* EventCollectionViewCell.swift */ = {isa = PBXFileReference; fileEncoding = 4; lastKnownFileType = sourcecode.swift; path = EventCollectionViewCell.swift; sourceTree = "<group>"; };
		F086CDF71E949018002BB766 /* HeaderCollectionReusableView.swift */ = {isa = PBXFileReference; fileEncoding = 4; lastKnownFileType = sourcecode.swift; path = HeaderCollectionReusableView.swift; sourceTree = "<group>"; };
		F086CDFA1E9492A1002BB766 /* Event.swift */ = {isa = PBXFileReference; fileEncoding = 4; lastKnownFileType = sourcecode.swift; path = Event.swift; sourceTree = "<group>"; };
		F086CDFC1E949F07002BB766 /* EventDetailViewController.swift */ = {isa = PBXFileReference; fileEncoding = 4; lastKnownFileType = sourcecode.swift; path = EventDetailViewController.swift; sourceTree = "<group>"; };
		F086CDFE1E94A7C1002BB766 /* AddEventViewController.swift */ = {isa = PBXFileReference; fileEncoding = 4; lastKnownFileType = sourcecode.swift; path = AddEventViewController.swift; sourceTree = "<group>"; };
/* End PBXFileReference section */

/* Begin PBXFrameworksBuildPhase section */
		F086CDD81E9486EE002BB766 /* Frameworks */ = {
			isa = PBXFrameworksBuildPhase;
			buildActionMask = 2147483647;
			files = (
			);
			runOnlyForDeploymentPostprocessing = 0;
		};
/* End PBXFrameworksBuildPhase section */

/* Begin PBXGroup section */
		F086CDD21E9486EE002BB766 = {
			isa = PBXGroup;
			children = (
				F086CDDD1E9486EE002BB766 /* EventManagementV2 */,
				F086CDDC1E9486EE002BB766 /* Products */,
			);
			sourceTree = "<group>";
		};
		F086CDDC1E9486EE002BB766 /* Products */ = {
			isa = PBXGroup;
			children = (
				F086CDDB1E9486EE002BB766 /* EventManagementV2.app */,
			);
			name = Products;
			sourceTree = "<group>";
		};
		F086CDDD1E9486EE002BB766 /* EventManagementV2 */ = {
			isa = PBXGroup;
			children = (
				F086CDF91E94926A002BB766 /* Models */,
				F086CDF21E948963002BB766 /* Utils */,
				F086CDF11E948872002BB766 /* Views */,
				F086CDF01E94886A002BB766 /* View Controllers */,
				F086CDDE1E9486EE002BB766 /* AppDelegate.swift */,
				F086CDE21E9486EE002BB766 /* Main.storyboard */,
				F086CDE51E9486EE002BB766 /* Assets.xcassets */,
				F086CDE71E9486EE002BB766 /* LaunchScreen.storyboard */,
				F086CDEA1E9486EE002BB766 /* Info.plist */,
			);
			path = EventManagementV2;
			sourceTree = "<group>";
		};
		F086CDF01E94886A002BB766 /* View Controllers */ = {
			isa = PBXGroup;
			children = (
				F086CDE01E9486EE002BB766 /* MainViewController.swift */,
				F086CDFC1E949F07002BB766 /* EventDetailViewController.swift */,
				F086CDFE1E94A7C1002BB766 /* AddEventViewController.swift */,
			);
			name = "View Controllers";
			sourceTree = "<group>";
		};
		F086CDF11E948872002BB766 /* Views */ = {
			isa = PBXGroup;
			children = (
				F086CDF51E9489B3002BB766 /* EventCollectionViewCell.swift */,
				F086CDF71E949018002BB766 /* HeaderCollectionReusableView.swift */,
			);
			name = Views;
			sourceTree = "<group>";
		};
		F086CDF21E948963002BB766 /* Utils */ = {
			isa = PBXGroup;
			children = (
				F086CDF31E948974002BB766 /* Util.swift */,
			);
			name = Utils;
			sourceTree = "<group>";
		};
		F086CDF91E94926A002BB766 /* Models */ = {
			isa = PBXGroup;
			children = (
				F086CDFA1E9492A1002BB766 /* Event.swift */,
			);
			name = Models;
			sourceTree = "<group>";
		};
/* End PBXGroup section */

/* Begin PBXNativeTarget section */
		F086CDDA1E9486EE002BB766 /* EventManagementV2 */ = {
			isa = PBXNativeTarget;
			buildConfigurationList = F086CDED1E9486EE002BB766 /* Build configuration list for PBXNativeTarget "EventManagementV2" */;
			buildPhases = (
				F086CDD71E9486EE002BB766 /* Sources */,
				F086CDD81E9486EE002BB766 /* Frameworks */,
				F086CDD91E9486EE002BB766 /* Resources */,
			);
			buildRules = (
			);
			dependencies = (
			);
			name = EventManagementV2;
			productName = EventManagementV2;
			productReference = F086CDDB1E9486EE002BB766 /* EventManagementV2.app */;
			productType = "com.apple.product-type.application";
		};
/* End PBXNativeTarget section */

/* Begin PBXProject section */
		F086CDD31E9486EE002BB766 /* Project object */ = {
			isa = PBXProject;
			attributes = {
				LastSwiftUpdateCheck = 0820;
				LastUpgradeCheck = 0820;
				ORGANIZATIONNAME = "Thinh Le Phuc";
				TargetAttributes = {
					F086CDDA1E9486EE002BB766 = {
						CreatedOnToolsVersion = 8.2.1;
						ProvisioningStyle = Automatic;
					};
				};
			};
			buildConfigurationList = F086CDD61E9486EE002BB766 /* Build configuration list for PBXProject "EventManagementV2" */;
			compatibilityVersion = "Xcode 3.2";
			developmentRegion = English;
			hasScannedForEncodings = 0;
			knownRegions = (
				en,
				Base,
			);
			mainGroup = F086CDD21E9486EE002BB766;
			productRefGroup = F086CDDC1E9486EE002BB766 /* Products */;
			projectDirPath = "";
			projectRoot = "";
			targets = (
				F086CDDA1E9486EE002BB766 /* EventManagementV2 */,
			);
		};
/* End PBXProject section */

/* Begin PBXResourcesBuildPhase section */
		F086CDD91E9486EE002BB766 /* Resources */ = {
			isa = PBXResourcesBuildPhase;
			buildActionMask = 2147483647;
			files = (
				F086CDE91E9486EE002BB766 /* LaunchScreen.storyboard in Resources */,
				F086CDE61E9486EE002BB766 /* Assets.xcassets in Resources */,
				F086CDE41E9486EE002BB766 /* Main.storyboard in Resources */,
			);
			runOnlyForDeploymentPostprocessing = 0;
		};
/* End PBXResourcesBuildPhase section */

/* Begin PBXSourcesBuildPhase section */
		F086CDD71E9486EE002BB766 /* Sources */ = {
			isa = PBXSourcesBuildPhase;
			buildActionMask = 2147483647;
			files = (
				F086CDE11E9486EE002BB766 /* MainViewController.swift in Sources */,
				F086CDFF1E94A7C1002BB766 /* AddEventViewController.swift in Sources */,
				F086CDF61E9489B3002BB766 /* EventCollectionViewCell.swift in Sources */,
				F086CDF41E948974002BB766 /* Util.swift in Sources */,
				F086CDF81E949018002BB766 /* HeaderCollectionReusableView.swift in Sources */,
				F086CDFB1E9492A1002BB766 /* Event.swift in Sources */,
				F086CDFD1E949F07002BB766 /* EventDetailViewController.swift in Sources */,
				F086CDDF1E9486EE002BB766 /* AppDelegate.swift in Sources */,
			);
			runOnlyForDeploymentPostprocessing = 0;
		};
/* End PBXSourcesBuildPhase section */

/* Begin PBXVariantGroup section */
		F086CDE21E9486EE002BB766 /* Main.storyboard */ = {
			isa = PBXVariantGroup;
			children = (
				F086CDE31E9486EE002BB766 /* Base */,
			);
			name = Main.storyboard;
			sourceTree = "<group>";
		};
		F086CDE71E9486EE002BB766 /* LaunchScreen.storyboard */ = {
			isa = PBXVariantGroup;
			children = (
				F086CDE81E9486EE002BB766 /* Base */,
			);
			name = LaunchScreen.storyboard;
			sourceTree = "<group>";
		};
/* End PBXVariantGroup section */

/* Begin XCBuildConfiguration section */
		F086CDEB1E9486EE002BB766 /* Debug */ = {
			isa = XCBuildConfiguration;
			buildSettings = {
				ALWAYS_SEARCH_USER_PATHS = NO;
				CLANG_ANALYZER_NONNULL = YES;
				CLANG_CXX_LANGUAGE_STANDARD = "gnu++0x";
				CLANG_CXX_LIBRARY = "libc++";
				CLANG_ENABLE_MODULES = YES;
				CLANG_ENABLE_OBJC_ARC = YES;
				CLANG_WARN_BOOL_CONVERSION = YES;
				CLANG_WARN_CONSTANT_CONVERSION = YES;
				CLANG_WARN_DIRECT_OBJC_ISA_USAGE = YES_ERROR;
				CLANG_WARN_DOCUMENTATION_COMMENTS = YES;
				CLANG_WARN_EMPTY_BODY = YES;
				CLANG_WARN_ENUM_CONVERSION = YES;
				CLANG_WARN_INFINITE_RECURSION = YES;
				CLANG_WARN_INT_CONVERSION = YES;
				CLANG_WARN_OBJC_ROOT_CLASS = YES_ERROR;
				CLANG_WARN_SUSPICIOUS_MOVE = YES;
				CLANG_WARN_UNREACHABLE_CODE = YES;
				CLANG_WARN__DUPLICATE_METHOD_MATCH = YES;
				"CODE_SIGN_IDENTITY[sdk=iphoneos*]" = "iPhone Developer";
				COPY_PHASE_STRIP = NO;
				DEBUG_INFORMATION_FORMAT = dwarf;
				ENABLE_STRICT_OBJC_MSGSEND = YES;
				ENABLE_TESTABILITY = YES;
				GCC_C_LANGUAGE_STANDARD = gnu99;
				GCC_DYNAMIC_NO_PIC = NO;
				GCC_NO_COMMON_BLOCKS = YES;
				GCC_OPTIMIZATION_LEVEL = 0;
				GCC_PREPROCESSOR_DEFINITIONS = (
					"DEBUG=1",
					"$(inherited)",
				);
				GCC_WARN_64_TO_32_BIT_CONVERSION = YES;
				GCC_WARN_ABOUT_RETURN_TYPE = YES_ERROR;
				GCC_WARN_UNDECLARED_SELECTOR = YES;
				GCC_WARN_UNINITIALIZED_AUTOS = YES_AGGRESSIVE;
				GCC_WARN_UNUSED_FUNCTION = YES;
				GCC_WARN_UNUSED_VARIABLE = YES;
				IPHONEOS_DEPLOYMENT_TARGET = 10.2;
				MTL_ENABLE_DEBUG_INFO = YES;
				ONLY_ACTIVE_ARCH = YES;
				SDKROOT = iphoneos;
				SWIFT_ACTIVE_COMPILATION_CONDITIONS = DEBUG;
				SWIFT_OPTIMIZATION_LEVEL = "-Onone";
				TARGETED_DEVICE_FAMILY = "1,2";
			};
			name = Debug;
		};
		F086CDEC1E9486EE002BB766 /* Release */ = {
			isa = XCBuildConfiguration;
			buildSettings = {
				ALWAYS_SEARCH_USER_PATHS = NO;
				CLANG_ANALYZER_NONNULL = YES;
				CLANG_CXX_LANGUAGE_STANDARD = "gnu++0x";
				CLANG_CXX_LIBRARY = "libc++";
				CLANG_ENABLE_MODULES = YES;
				CLANG_ENABLE_OBJC_ARC = YES;
				CLANG_WARN_BOOL_CONVERSION = YES;
				CLANG_WARN_CONSTANT_CONVERSION = YES;
				CLANG_WARN_DIRECT_OBJC_ISA_USAGE = YES_ERROR;
				CLANG_WARN_DOCUMENTATION_COMMENTS = YES;
				CLANG_WARN_EMPTY_BODY = YES;
				CLANG_WARN_ENUM_CONVERSION = YES;
				CLANG_WARN_INFINITE_RECURSION = YES;
				CLANG_WARN_INT_CONVERSION = YES;
				CLANG_WARN_OBJC_ROOT_CLASS = YES_ERROR;
				CLANG_WARN_SUSPICIOUS_MOVE = YES;
				CLANG_WARN_UNREACHABLE_CODE = YES;
				CLANG_WARN__DUPLICATE_METHOD_MATCH = YES;
				"CODE_SIGN_IDENTITY[sdk=iphoneos*]" = "iPhone Developer";
				COPY_PHASE_STRIP = NO;
				DEBUG_INFORMATION_FORMAT = "dwarf-with-dsym";
				ENABLE_NS_ASSERTIONS = NO;
				ENABLE_STRICT_OBJC_MSGSEND = YES;
				GCC_C_LANGUAGE_STANDARD = gnu99;
				GCC_NO_COMMON_BLOCKS = YES;
				GCC_WARN_64_TO_32_BIT_CONVERSION = YES;
				GCC_WARN_ABOUT_RETURN_TYPE = YES_ERROR;
				GCC_WARN_UNDECLARED_SELECTOR = YES;
				GCC_WARN_UNINITIALIZED_AUTOS = YES_AGGRESSIVE;
				GCC_WARN_UNUSED_FUNCTION = YES;
				GCC_WARN_UNUSED_VARIABLE = YES;
				IPHONEOS_DEPLOYMENT_TARGET = 10.2;
				MTL_ENABLE_DEBUG_INFO = NO;
				SDKROOT = iphoneos;
				SWIFT_OPTIMIZATION_LEVEL = "-Owholemodule";
				TARGETED_DEVICE_FAMILY = "1,2";
				VALIDATE_PRODUCT = YES;
			};
			name = Release;
		};
		F086CDEE1E9486EE002BB766 /* Debug */ = {
			isa = XCBuildConfiguration;
			buildSettings = {
				ASSETCATALOG_COMPILER_APPICON_NAME = AppIcon;
				INFOPLIST_FILE = EventManagementV2/Info.plist;
				LD_RUNPATH_SEARCH_PATHS = "$(inherited) @executable_path/Frameworks";
				PRODUCT_BUNDLE_IDENTIFIER = com.fsoft.EventManagementV2;
				PRODUCT_NAME = "$(TARGET_NAME)";
				SWIFT_VERSION = 3.0;
			};
			name = Debug;
		};
		F086CDEF1E9486EE002BB766 /* Release */ = {
			isa = XCBuildConfiguration;
			buildSettings = {
				ASSETCATALOG_COMPILER_APPICON_NAME = AppIcon;
				INFOPLIST_FILE = EventManagementV2/Info.plist;
				LD_RUNPATH_SEARCH_PATHS = "$(inherited) @executable_path/Frameworks";
				PRODUCT_BUNDLE_IDENTIFIER = com.fsoft.EventManagementV2;
				PRODUCT_NAME = "$(TARGET_NAME)";
				SWIFT_VERSION = 3.0;
			};
			name = Release;
		};
/* End XCBuildConfiguration section */

/* Begin XCConfigurationList section */
		F086CDD61E9486EE002BB766 /* Build configuration list for PBXProject "EventManagementV2" */ = {
			isa = XCConfigurationList;
			buildConfigurations = (
				F086CDEB1E9486EE002BB766 /* Debug */,
				F086CDEC1E9486EE002BB766 /* Release */,
			);
			defaultConfigurationIsVisible = 0;
			defaultConfigurationName = Release;
		};
		F086CDED1E9486EE002BB766 /* Build configuration list for PBXNativeTarget "EventManagementV2" */ = {
			isa = XCConfigurationList;
			buildConfigurations = (
				F086CDEE1E9486EE002BB766 /* Debug */,
				F086CDEF1E9486EE002BB766 /* Release */,
			);
			defaultConfigurationIsVisible = 0;
		};
/* End XCConfigurationList section */
	};
	rootObject = F086CDD31E9486EE002BB766 /* Project object */;
}
